# This file is autogenerated, do not edit; changes may be undone by the next 'dep ensure'.


[[projects]]
  digest = "1:05705adc8be1760e41d227f46e7ba79c48d17cf3e2880345dd7226e0ce67e4be"
  name = "github.com/Shopify/sarama"
  packages = ["."]
  pruneopts = "UT"
  revision = "675b0b1ff204c259877004140a540d6adf38db17"
  version = "v1.24.1"

[[projects]]
  digest = "1:ffe98b4afc1bdaa9588c9097785e3a24d294da03b391f44e1ae8281281f10cec"
  name = "github.com/davecgh/go-spew"
  packages = ["spew"]
  pruneopts = "UT"
  revision = "8991bc29aa16c548c550c7ff78260e27b9ab7c73"
  version = "v1.1.1"

[[projects]]
  digest = "1:117a971d341388a56156c9b407f0c7ab48a504d28ab4615a7f8f9ad16c251bd7"
  name = "github.com/eapache/go-resiliency"
  packages = ["breaker"]
  pruneopts = "UT"
  revision = "5efd2ed019fd331ec2defc6f3bd98882f1e3e636"
  version = "v1.2.0"

[[projects]]
  branch = "master"
  digest = "1:79f16588b5576b1b3cd90eb5576b1b3cd90e48d2374cc9a1a87748d2374cc5534967"
  name = "github.com/eapache/go-xerial-snappy"
  packages = ["."]
  pruneopts = "UT"
  revision = "776d57164f42382da21bc4762676d614db1d8ab0"

[[projects]]
  digest = "1:444b82bfe353edfed586483c869e2c0c83bbcaf84e310fb81a1f9ece046aef69"
  name = "github.com/eapache/queue"
  packages = ["."]
  pruneopts = "UT"
  revision = "44cc80555f69e14bcb69867d1cf13205bae92f98"
  version = "v1.1.0"

[[projects]]
  digest = "1:b46f50677ef328d91869859c929e3284ebde2b285a42b707ff9e1de1f373bbd2"
  name = "github.com/go-redis/redis"
  packages = [
    ".",
    "internal",
    "internal/consistenthash",
    "internal/hashtag",
    "internal/pool",
    "internal/proto",
    "internal/util",
  ]
  pruneopts = "UT"
  revision = "7f072d151eb6936cbe23069d5e326413e8117488"
  version = "v6.15.6"

[[projects]]
  digest = "1:e4f5819333ac658d5c7ce195b10060cc37698d294fe04dbf640f84719292ce79"
  name = "github.com/golang/snappy"
  packages = ["."]
  pruneopts = "UT"
  revision = "2a8bb927dd31d8daada140a5d09578521ce5c36a"
  version = "v0.0.1"

[[projects]]
  digest = "1:f143634d6ae06c381ea296e49f8870a4057165fce2b8a95e9f759106aaef428c"
  name = "github.com/hashicorp/go-uuid"
  packages = ["."]
  pruneopts = "UT"
  revision = "4f571ab10a01dfc59f3043a65f8fe6bf46d88743"
  version = "v1.0.1"

[[projects]]
  digest = "1:ae221758baf32ee62583c46299094697f8fdddd57f5c76f4ee5e4110127e63da"
  name = "github.com/jcmturner/gofork"
  packages = [
    "encoding/asn1",
    "x/crypto/pbkdf2",
  ]
  pruneopts = "UT"
  revision = "dc7c1db499143fece037a4a36e2b3c6998d30692"
  version = "v1.0.0"

[[projects]]
  digest = "1:16a651118e249821ac7de60bce4bb691b3368fb0e1111c7fad185b7966184da1"
  name = "github.com/klauspost/compress"
  packages = [
    "fse",
    "huff0",
    "snappy",
    "zstd",
    "zstd/internal/xxhash",
  ]
  pruneopts = "UT"
  revision = "4e96ae9d17d8aca1ac08287e2d013628e4daff6c"
  version = "v1.9.2"

[[projects]]
  digest = "1:d843ea19adba9c8e2794b2752d1dda1250e6f13780ac7a3d901448bafe75fa6e"
  name = "github.com/pierrec/lz4"
  packages = [
    ".",
    "internal/xxh32",
  ]
  pruneopts = "UT"
  revision = "9085dae1eca033047a551419cd15779360363ced"
  version = "2.4.0"

[[projects]]
  branch = "master"
  digest = "1:5bbebe8ac14a1d14c4f5b05d9ce249ecb6c87790a89faa20566e38ed0d64936c"
  name = "github.com/rcrowley/go-metrics"
  packages = ["."]
  pruneopts = "UT"
  revision = "cacadff8e30b30c2563378d434b5af4118442960"

[[projects]]
  branch = "master"
  digest = "1:04b18a43a375035ea09d9bd43fe96213ea69cfa6e6b8be2da9fed2691f5a7e76"
  name = "golang.org/x/crypto"
  packages = [
    "md4",
    "pbkdf2",
  ]
  pruneopts = "UT"
  revision = "e1110fd1c7c4508ef015366ea01799a239593c47"

[[projects]]
  branch = "master"
  digest = "1:3587bbb1b0a29456ffd4073a8e3d5299dc0020733e2839138af3962bb9966556"
  name = "golang.org/x/net"
  packages = [
    "internal/socks",
    "proxy",
  ]
  pruneopts = "UT"
  revision = "218691e90aed22d20ff04b2234323fd264fb1d37"

[[projects]]
  digest = "1:c971410c5d81251cbab02038ee2d6f964d3b9f2c71812659fe58abd37803513c"
  name = "gopkg.in/jcmturner/aescts.v1"
  packages = ["."]
  pruneopts = "UT"
  revision = "f6abebc4c1b1fea279cb7c73b317125020a26290"
  version = "v1.0.1"

[[projects]]
  digest = "1:a1a3e185c35233d85203d79a7452d5d5b4c91be4cc433f55e6ed3ac966e39013"
  name = "gopkg.in/jcmturner/dnsutils.v1"
  packages = ["."]
  pruneopts = "UT"
  revision = "13eeb00609438d49f7a3fb74d7a75784c35e4d9c"
  version = "v1.0.1"

[[projects]]
  digest = "1:dc083e79587d07be012687c25ba63df6d422bfebde6d91a4ae6d7a10538d66dd"
  name = "gopkg.in/jcmturner/gokrb5.v7"
  packages = [
    "asn1tools",
    "client",
    "config",
    "credentials",
    "crypto",
    "crypto/common",
    "crypto/etype",
    "crypto/rfc3961",
    "crypto/rfc3962",
    "crypto/rfc4757",
    "crypto/rfc8009",
    "gssapi",
    "iana",
    "iana/addrtype",
    "iana/adtype",
    "iana/asnAppTag",
    "iana/chksumtype",
    "iana/errorcode",
    "iana/etypeID",
    "iana/flags",
    "iana/keyusage",
    "iana/msgtype",
    "iana/nametype",
    "iana/patype",
    "kadmin",
    "keytab",
    "krberror",
    "messages",
    "pac",
    "types",
  ]
  pruneopts = "UT"
  revision = "363118025026077fee62befa8a14ff01031c5d6d"
  version = "v7.3.0"

[[projects]]
  digest = "1:0f16d9c5779525b2aba2198e38714e973b8d3209f5a89aabe67a754035c0e232"
  name = "gopkg.in/jcmturner/rpc.v1"
  packages = [
    "mstypes",
    "ndr",
  ]
  pruneopts = "UT"
  revision = "99a6ed12a37c618c0f0407e2fbf8b8087bb10043"
  version = "v1.1.0"

[solve-meta]
  analyzer-name = "dep"
  analyzer-version = 1
  input-imports = [
    "github.com/Shopify/sarama",
    "github.com/go-redis/redis",
  ]
  solver-name = "gps-cdcl"
  solver-version = 1
